# This file is automatically @generated by Poetry 2.1.1 and should not be changed by hand.

[[package]]
name = "ffmpeg"
version = "1.4"
description = "ffmpeg python package url [https://github.com/jiashaokun/ffmpeg]"
optional = false
python-versions = "*"
groups = ["main"]
files = [
    {file = "ffmpeg-1.4.tar.gz", hash = "sha256:6931692c890ff21d39938433c2189747815dca0c60ddc7f9bb97f199dba0b5b9"},
]

[[package]]
name = "numpy"
version = "2.2.4"
description = "Fundamental package for array computing in Python"
optional = false
python-versions = ">=3.10"
groups = ["main"]
files = [
    {file = "numpy-2.2.4-cp310-cp310-macosx_10_9_x86_64.whl", hash = "sha256:8146f3550d627252269ac42ae660281d673eb6f8b32f113538e0cc2a9aed42b9"},
    {file = "numpy-2.2.4-cp310-cp310-macosx_11_0_arm64.whl", hash = "sha256:e642d86b8f956098b564a45e6f6ce68a22c2c97a04f5acd3f221f57b8cb850ae"},
    {file = "numpy-2.2.4-cp310-cp310-macosx_14_0_arm64.whl", hash = "sha256:a84eda42bd12edc36eb5b53bbcc9b406820d3353f1994b6cfe453a33ff101775"},
    {file = "numpy-2.2.4-cp310-cp310-macosx_14_0_x86_64.whl", hash = "sha256:4ba5054787e89c59c593a4169830ab362ac2bee8a969249dc56e5d7d20ff8df9"},
    {file = "numpy-2.2.4-cp310-cp310-manylinux_2_17_aarch64.manylinux2014_aarch64.whl", hash = "sha256:7716e4a9b7af82c06a2543c53ca476fa0b57e4d760481273e09da04b74ee6ee2"},
    {file = "numpy-2.2.4-cp310-cp310-manylinux_2_17_x86_64.manylinux2014_x86_64.whl", hash = "sha256:adf8c1d66f432ce577d0197dceaac2ac00c0759f573f28516246351c58a85020"},
    {file = "numpy-2.2.4-cp310-cp310-musllinux_1_2_aarch64.whl", hash = "sha256:218f061d2faa73621fa23d6359442b0fc658d5b9a70801373625d958259eaca3"},
    {file = "numpy-2.2.4-cp310-cp310-musllinux_1_2_x86_64.whl", hash = "sha256:df2f57871a96bbc1b69733cd4c51dc33bea66146b8c63cacbfed73eec0883017"},
    {file = "numpy-2.2.4-cp310-cp310-win32.whl", hash = "sha256:a0258ad1f44f138b791327961caedffbf9612bfa504ab9597157806faa95194a"},
    {file = "numpy-2.2.4-cp310-cp310-win_amd64.whl", hash = "sha256:0d54974f9cf14acf49c60f0f7f4084b6579d24d439453d5fc5805d46a165b542"},
    {file = "numpy-2.2.4-cp311-cp311-macosx_10_9_x86_64.whl", hash = "sha256:e9e0a277bb2eb5d8a7407e14688b85fd8ad628ee4e0c7930415687b6564207a4"},
    {file = "numpy-2.2.4-cp311-cp311-macosx_11_0_arm64.whl", hash = "sha256:9eeea959168ea555e556b8188da5fa7831e21d91ce031e95ce23747b7609f8a4"},
    {file = "numpy-2.2.4-cp311-cp311-macosx_14_0_arm64.whl", hash = "sha256:bd3ad3b0a40e713fc68f99ecfd07124195333f1e689387c180813f0e94309d6f"},
    {file = "numpy-2.2.4-cp311-cp311-macosx_14_0_x86_64.whl", hash = "sha256:cf28633d64294969c019c6df4ff37f5698e8326db68cc2b66576a51fad634880"},
    {file = "numpy-2.2.4-cp311-cp311-manylinux_2_17_aarch64.manylinux2014_aarch64.whl", hash = "sha256:2fa8fa7697ad1646b5c93de1719965844e004fcad23c91228aca1cf0800044a1"},
    {file = "numpy-2.2.4-cp311-cp311-manylinux_2_17_x86_64.manylinux2014_x86_64.whl", hash = "sha256:f4162988a360a29af158aeb4a2f4f09ffed6a969c9776f8f3bdee9b06a8ab7e5"},
    {file = "numpy-2.2.4-cp311-cp311-musllinux_1_2_aarch64.whl", hash = "sha256:892c10d6a73e0f14935c31229e03325a7b3093fafd6ce0af704be7f894d95687"},
    {file = "numpy-2.2.4-cp311-cp311-musllinux_1_2_x86_64.whl", hash = "sha256:db1f1c22173ac1c58db249ae48aa7ead29f534b9a948bc56828337aa84a32ed6"},
    {file = "numpy-2.2.4-cp311-cp311-win32.whl", hash = "sha256:ea2bb7e2ae9e37d96835b3576a4fa4b3a97592fbea8ef7c3587078b0068b8f09"},
    {file = "numpy-2.2.4-cp311-cp311-win_amd64.whl", hash = "sha256:f7de08cbe5551911886d1ab60de58448c6df0f67d9feb7d1fb21e9875ef95e91"},
    {file = "numpy-2.2.4-cp312-cp312-macosx_10_13_x86_64.whl", hash = "sha256:a7b9084668aa0f64e64bd00d27ba5146ef1c3a8835f3bd912e7a9e01326804c4"},
    {file = "numpy-2.2.4-cp312-cp312-macosx_11_0_arm64.whl", hash = "sha256:dbe512c511956b893d2dacd007d955a3f03d555ae05cfa3ff1c1ff6df8851854"},
    {file = "numpy-2.2.4-cp312-cp312-macosx_14_0_arm64.whl", hash = "sha256:bb649f8b207ab07caebba230d851b579a3c8711a851d29efe15008e31bb4de24"},
    {file = "numpy-2.2.4-cp312-cp312-macosx_14_0_x86_64.whl", hash = "sha256:f34dc300df798742b3d06515aa2a0aee20941c13579d7a2f2e10af01ae4901ee"},
    {file = "numpy-2.2.4-cp312-cp312-manylinux_2_17_aarch64.manylinux2014_aarch64.whl", hash = "sha256:c3f7ac96b16955634e223b579a3e5798df59007ca43e8d451a0e6a50f6bfdfba"},
    {file = "numpy-2.2.4-cp312-cp312-manylinux_2_17_x86_64.manylinux2014_x86_64.whl", hash = "sha256:4f92084defa704deadd4e0a5ab1dc52d8ac9e8a8ef617f3fbb853e79b0ea3592"},
    {file = "numpy-2.2.4-cp312-cp312-musllinux_1_2_aarch64.whl", hash = "sha256:7a4e84a6283b36632e2a5b56e121961f6542ab886bc9e12f8f9818b3c266bfbb"},
    {file = "numpy-2.2.4-cp312-cp312-musllinux_1_2_x86_64.whl", hash = "sha256:11c43995255eb4127115956495f43e9343736edb7fcdb0d973defd9de14cd84f"},
    {file = "numpy-2.2.4-cp312-cp312-win32.whl", hash = "sha256:65ef3468b53269eb5fdb3a5c09508c032b793da03251d5f8722b1194f1790c00"},
    {file = "numpy-2.2.4-cp312-cp312-win_amd64.whl", hash = "sha256:2aad3c17ed2ff455b8eaafe06bcdae0062a1db77cb99f4b9cbb5f4ecb13c5146"},
    {file = "numpy-2.2.4-cp313-cp313-macosx_10_13_x86_64.whl", hash = "sha256:1cf4e5c6a278d620dee9ddeb487dc6a860f9b199eadeecc567f777daace1e9e7"},
    {file = "numpy-2.2.4-cp313-cp313-macosx_11_0_arm64.whl", hash = "sha256:1974afec0b479e50438fc3648974268f972e2d908ddb6d7fb634598cdb8260a0"},
    {file = "numpy-2.2.4-cp313-cp313-macosx_14_0_arm64.whl", hash = "sha256:79bd5f0a02aa16808fcbc79a9a376a147cc1045f7dfe44c6e7d53fa8b8a79392"},
    {file = "numpy-2.2.4-cp313-cp313-macosx_14_0_x86_64.whl", hash = "sha256:3387dd7232804b341165cedcb90694565a6015433ee076c6754775e85d86f1fc"},
    {file = "numpy-2.2.4-cp313-cp313-manylinux_2_17_aarch64.manylinux2014_aarch64.whl", hash = "sha256:6f527d8fdb0286fd2fd97a2a96c6be17ba4232da346931d967a0630050dfd298"},
    {file = "numpy-2.2.4-cp313-cp313-manylinux_2_17_x86_64.manylinux2014_x86_64.whl", hash = "sha256:bce43e386c16898b91e162e5baaad90c4b06f9dcbe36282490032cec98dc8ae7"},
    {file = "numpy-2.2.4-cp313-cp313-musllinux_1_2_aarch64.whl", hash = "sha256:31504f970f563d99f71a3512d0c01a645b692b12a63630d6aafa0939e52361e6"},
    {file = "numpy-2.2.4-cp313-cp313-musllinux_1_2_x86_64.whl", hash = "sha256:81413336ef121a6ba746892fad881a83351ee3e1e4011f52e97fba79233611fd"},
    {file = "numpy-2.2.4-cp313-cp313-win32.whl", hash = "sha256:f486038e44caa08dbd97275a9a35a283a8f1d2f0ee60ac260a1790e76660833c"},
    {file = "numpy-2.2.4-cp313-cp313-win_amd64.whl", hash = "sha256:207a2b8441cc8b6a2a78c9ddc64d00d20c303d79fba08c577752f080c4007ee3"},
    {file = "numpy-2.2.4-cp313-cp313t-macosx_10_13_x86_64.whl", hash = "sha256:8120575cb4882318c791f839a4fd66161a6fa46f3f0a5e613071aae35b5dd8f8"},
    {file = "numpy-2.2.4-cp313-cp313t-macosx_11_0_arm64.whl", hash = "sha256:a761ba0fa886a7bb33c6c8f6f20213735cb19642c580a931c625ee377ee8bd39"},
    {file = "numpy-2.2.4-cp313-cp313t-macosx_14_0_arm64.whl", hash = "sha256:ac0280f1ba4a4bfff363a99a6aceed4f8e123f8a9b234c89140f5e894e452ecd"},
    {file = "numpy-2.2.4-cp313-cp313t-macosx_14_0_x86_64.whl", hash = "sha256:879cf3a9a2b53a4672a168c21375166171bc3932b7e21f622201811c43cdd3b0"},
    {file = "numpy-2.2.4-cp313-cp313t-manylinux_2_17_aarch64.manylinux2014_aarch64.whl", hash = "sha256:f05d4198c1bacc9124018109c5fba2f3201dbe7ab6e92ff100494f236209c960"},
    {file = "numpy-2.2.4-cp313-cp313t-manylinux_2_17_x86_64.manylinux2014_x86_64.whl", hash = "sha256:e2f085ce2e813a50dfd0e01fbfc0c12bbe5d2063d99f8b29da30e544fb6483b8"},
    {file = "numpy-2.2.4-cp313-cp313t-musllinux_1_2_aarch64.whl", hash = "sha256:92bda934a791c01d6d9d8e038363c50918ef7c40601552a58ac84c9613a665bc"},
    {file = "numpy-2.2.4-cp313-cp313t-musllinux_1_2_x86_64.whl", hash = "sha256:ee4d528022f4c5ff67332469e10efe06a267e32f4067dc76bb7e2cddf3cd25ff"},
    {file = "numpy-2.2.4-cp313-cp313t-win32.whl", hash = "sha256:05c076d531e9998e7e694c36e8b349969c56eadd2cdcd07242958489d79a7286"},
    {file = "numpy-2.2.4-cp313-cp313t-win_amd64.whl", hash = "sha256:188dcbca89834cc2e14eb2f106c96d6d46f200fe0200310fc29089657379c58d"},
    {file = "numpy-2.2.4-pp310-pypy310_pp73-macosx_10_15_x86_64.whl", hash = "sha256:7051ee569db5fbac144335e0f3b9c2337e0c8d5c9fee015f259a5bd70772b7e8"},
    {file = "numpy-2.2.4-pp310-pypy310_pp73-macosx_14_0_x86_64.whl", hash = "sha256:ab2939cd5bec30a7430cbdb2287b63151b77cf9624de0532d629c9a1c59b1d5c"},
    {file = "numpy-2.2.4-pp310-pypy310_pp73-manylinux_2_17_x86_64.manylinux2014_x86_64.whl", hash = "sha256:d0f35b19894a9e08639fd60a1ec1978cb7f5f7f1eace62f38dd36be8aecdef4d"},
    {file = "numpy-2.2.4-pp310-pypy310_pp73-win_amd64.whl", hash = "sha256:b4adfbbc64014976d2f91084915ca4e626fbf2057fb81af209c1a6d776d23e3d"},
    {file = "numpy-2.2.4.tar.gz", hash = "sha256:9ba03692a45d3eef66559efe1d1096c4b9b75c0986b5dff5530c378fb8331d4f"},
]

[[package]]
name = "pyopengl"
version = "3.1.9"
description = "Standard OpenGL bindings for Python"
optional = false
python-versions = "*"
groups = ["main"]
files = [
    {file = "PyOpenGL-3.1.9-py3-none-any.whl", hash = "sha256:15995fd3b0deb991376805da36137a4ae5aba6ddbb5e29ac1f35462d130a3f77"},
    {file = "pyopengl-3.1.9.tar.gz", hash = "sha256:28ebd82c5f4491a418aeca9672dffb3adbe7d33b39eada4548a5b4e8c03f60c8"},
]

[[package]]
name = "pyopengl-accelerate"
version = "3.1.9"
description = "Cython-coded accelerators for PyOpenGL"
optional = false
python-versions = "*"
groups = ["main"]
files = [
    {file = "PyOpenGL_accelerate-3.1.9-cp310-cp310-macosx_11_0_arm64.whl", hash = "sha256:fa5682de4750a554700f4f435ad6144af87345d626faa8bc925b42c0c8817317"},
    {file = "PyOpenGL_accelerate-3.1.9-cp310-cp310-manylinux_2_5_i686.manylinux1_i686.manylinux_2_17_i686.manylinux2014_i686.whl", hash = "sha256:e3e0313e58ad7a5577b2df275f44f6b842437835014c60fb602acc92aaaa060c"},
    {file = "PyOpenGL_accelerate-3.1.9-cp310-cp310-manylinux_2_5_x86_64.manylinux1_x86_64.manylinux_2_17_x86_64.manylinux2014_x86_64.whl", hash = "sha256:0537f9644353f22492593799e50b7b5f2d8a46339c9d92ef93bd31dbb32c283d"},
    {file = "PyOpenGL_accelerate-3.1.9-cp310-cp310-musllinux_1_2_i686.whl", hash = "sha256:35f4bc21a0e4d84f7c1bb0d819b0d8edaacc5ff2df60b59087820e30645c219e"},
    {file = "PyOpenGL_accelerate-3.1.9-cp310-cp310-musllinux_1_2_x86_64.whl", hash = "sha256:896c00869d12b01270bffe6d70de632a9dd8eec47d87df6879908b4363fab03c"},
    {file = "PyOpenGL_accelerate-3.1.9-cp310-cp310-win32.whl", hash = "sha256:2975831f3f28e560c6dafbe81a8e04cc9ab3430f0b358235bdf70e37c808679e"},
    {file = "PyOpenGL_accelerate-3.1.9-cp310-cp310-win_amd64.whl", hash = "sha256:f5fbe4dec90ff460211c06e7e6bc4ec757f9cdd5f50098f1bf3ec15eceb5ee98"},
    {file = "PyOpenGL_accelerate-3.1.9-cp311-cp311-macosx_11_0_arm64.whl", hash = "sha256:97e2e2daddab0ed8d690871ddff976e82a480cdef7d6df39b69d79afa3ce3430"},
    {file = "PyOpenGL_accelerate-3.1.9-cp311-cp311-manylinux_2_5_i686.manylinux1_i686.manylinux_2_17_i686.manylinux2014_i686.whl", hash = "sha256:f7bbef8a910d37e9e18ed5f8ff8dff40c9161e84b90e96c04bed5c147bb3edc6"},
    {file = "PyOpenGL_accelerate-3.1.9-cp311-cp311-manylinux_2_5_x86_64.manylinux1_x86_64.manylinux_2_17_x86_64.manylinux2014_x86_64.whl", hash = "sha256:d63cef49346ba556632a4a163025628b4872ca499d760d4e6410adcbefa84949"},
    {file = "PyOpenGL_accelerate-3.1.9-cp311-cp311-musllinux_1_2_i686.whl", hash = "sha256:182f8b3e8ac19f4a5f7fe1178037ae840552351bcd264f5c34739db676467377"},
    {file = "PyOpenGL_accelerate-3.1.9-cp311-cp311-musllinux_1_2_x86_64.whl", hash = "sha256:659ac06bc6a6031fef5e3b5c965d61d5763833e896b7b4620cb4e036180d60db"},
    {file = "PyOpenGL_accelerate-3.1.9-cp311-cp311-win32.whl", hash = "sha256:f544f97de76323c6e137ee8c859a81b654445273f159e63fdc1239f220376ba5"},
    {file = "PyOpenGL_accelerate-3.1.9-cp311-cp311-win_amd64.whl", hash = "sha256:d7d2b0ac17ea369eb6e063378c8b6c0addf095c82f5879cd500a407c01127619"},
    {file = "PyOpenGL_accelerate-3.1.9-cp312-cp312-macosx_11_0_arm64.whl", hash = "sha256:7981bc643edd6d30e35d08b393ec382773463e3aabb364695df51b9adbcf9e20"},
    {file = "PyOpenGL_accelerate-3.1.9-cp312-cp312-manylinux_2_5_i686.manylinux1_i686.manylinux_2_17_i686.manylinux2014_i686.whl", hash = "sha256:15a4c6a11dcfc9eec311f3596cda62fff2965ad6d62919415fb6573f7ef8c1c9"},
    {file = "PyOpenGL_accelerate-3.1.9-cp312-cp312-manylinux_2_5_x86_64.manylinux1_x86_64.manylinux_2_17_x86_64.manylinux2014_x86_64.whl", hash = "sha256:2b6f1f3680f33f10e67bb679ac0fb6946905a22e52d2eba71a66bf9d3ef94b33"},
    {file = "PyOpenGL_accelerate-3.1.9-cp312-cp312-musllinux_1_2_i686.whl", hash = "sha256:b58837914dbd6f89ba831d4a3dede1595a74485d7b476483966f08bac9bd4320"},
    {file = "PyOpenGL_accelerate-3.1.9-cp312-cp312-musllinux_1_2_x86_64.whl", hash = "sha256:4cd6d767de3c81b538682058c6114587bfa5e4a263d0f4b023b0404fce07d6d7"},
    {file = "PyOpenGL_accelerate-3.1.9-cp312-cp312-win32.whl", hash = "sha256:8042393b3869b455d67b60e6c87dc349ae89d3a0858f8018f8bd8d69f323ac3c"},
    {file = "PyOpenGL_accelerate-3.1.9-cp312-cp312-win_amd64.whl", hash = "sha256:a78731c88a81a895cf9849139bffb40cbea9fb0e640ccc3cbc38ea909e1234f4"},
    {file = "PyOpenGL_accelerate-3.1.9-cp313-cp313-macosx_11_0_arm64.whl", hash = "sha256:95fd40a537637355fb7f0a03c055fbad6efdeea059607f4966b7631b580353c5"},
    {file = "PyOpenGL_accelerate-3.1.9-cp313-cp313-manylinux_2_5_i686.manylinux1_i686.manylinux_2_17_i686.manylinux2014_i686.whl", hash = "sha256:d5992ebf8befb6e45c6198e45f0f2d8fa26c30cbae68a1f08d6646c6d95b5605"},
    {file = "PyOpenGL_accelerate-3.1.9-cp313-cp313-manylinux_2_5_x86_64.manylinux1_x86_64.manylinux_2_17_x86_64.manylinux2014_x86_64.whl", hash = "sha256:10ab017316dc8bced13b2426b9cc6ab9aeb627ca020e9bc0836ef92b5e0942ea"},
    {file = "PyOpenGL_accelerate-3.1.9-cp313-cp313-musllinux_1_2_i686.whl", hash = "sha256:d80dab32facd0195e8213754a7a71ba9d9343e413ff84bd8e552d7a66552b254"},
    {file = "PyOpenGL_accelerate-3.1.9-cp313-cp313-musllinux_1_2_x86_64.whl", hash = "sha256:eb56fa15bdf1a029a8bf1682f5af436b02e721fcd1b43cf05eeda99ca9b6a9e1"},
    {file = "PyOpenGL_accelerate-3.1.9-cp313-cp313-win32.whl", hash = "sha256:19dda83f7c96f598b8bc895ee2199bd1c45d064993175bbbe251905b9d9b40a4"},
    {file = "PyOpenGL_accelerate-3.1.9-cp313-cp313-win_amd64.whl", hash = "sha256:ed02cc9abd7662e787bc7491bf7f78f6536cf550a148d0fbff6727bed9b57124"},
    {file = "PyOpenGL_accelerate-3.1.9-cp36-cp36m-manylinux_2_5_i686.manylinux1_i686.manylinux_2_17_i686.manylinux2014_i686.whl", hash = "sha256:d31d12adc1e0bcd9aff01b1d92aa316e45b8262ffc67d49da0802b87e840e771"},
    {file = "PyOpenGL_accelerate-3.1.9-cp36-cp36m-manylinux_2_5_x86_64.manylinux1_x86_64.manylinux_2_17_x86_64.manylinux2014_x86_64.whl", hash = "sha256:b8e901af8f45f24d97cd8afd964e710727f39328914ed7c6133a4f0e8f840a62"},
    {file = "PyOpenGL_accelerate-3.1.9-cp36-cp36m-musllinux_1_2_i686.whl", hash = "sha256:86071c363347c25b572ede5145cc5c6b39767249e55f5666127650730f737bfe"},
    {file = "PyOpenGL_accelerate-3.1.9-cp36-cp36m-musllinux_1_2_x86_64.whl", hash = "sha256:b78ae67c018f1fed0b418d46dc98516e5a9797be85ef932d2d97f26860146ba1"},
    {file = "PyOpenGL_accelerate-3.1.9-cp36-cp36m-win32.whl", hash = "sha256:587ac90a7e5d6ae91ad99854bea5b4316284ff8edb4fd51fa3bf9c9236e2a2b9"},
    {file = "PyOpenGL_accelerate-3.1.9-cp36-cp36m-win_amd64.whl", hash = "sha256:a95f48f815392964a3b64b20c19b0ef5c25690413ce0ee9f1e7f9b00e4f1b40a"},
    {file = "PyOpenGL_accelerate-3.1.9-cp37-cp37m-manylinux_2_5_i686.manylinux1_i686.manylinux_2_17_i686.manylinux2014_i686.whl", hash = "sha256:ab22411076dd1227ada4879dc80903aae049593486c09e3126abb4b475955442"},
    {file = "PyOpenGL_accelerate-3.1.9-cp37-cp37m-manylinux_2_5_x86_64.manylinux1_x86_64.manylinux_2_17_x86_64.manylinux2014_x86_64.whl", hash = "sha256:39745bbcdefa26d96fdadb5969738f6f748e2b32d9b149f35babb3787b325e7a"},
    {file = "PyOpenGL_accelerate-3.1.9-cp37-cp37m-musllinux_1_2_i686.whl", hash = "sha256:e12712a38659115a93de18ba5517a4faa34c603ab43ba925d451e8d2429bbd40"},
    {file = "PyOpenGL_accelerate-3.1.9-cp37-cp37m-musllinux_1_2_x86_64.whl", hash = "sha256:67dc175b59c502dbc7e287f07c819652b39080e7e19728fa3b01552ea341a9bb"},
    {file = "PyOpenGL_accelerate-3.1.9-cp37-cp37m-win32.whl", hash = "sha256:e1841dd0856b24c72fc32411e53da6709393b48dba497d790868693e7d3bb542"},
    {file = "PyOpenGL_accelerate-3.1.9-cp37-cp37m-win_amd64.whl", hash = "sha256:9071c58126deb2b31a2f7a2173069fff3449a348a736370af18b509173e260e8"},
    {file = "PyOpenGL_accelerate-3.1.9-cp38-cp38-macosx_11_0_arm64.whl", hash = "sha256:56e6bdd79925ad2fc137565e8fb19ed2584994faa057c97461a17da69fb98b7f"},
    {file = "PyOpenGL_accelerate-3.1.9-cp38-cp38-manylinux_2_5_i686.manylinux1_i686.manylinux_2_17_i686.manylinux2014_i686.whl", hash = "sha256:de1a0a683f4d45859a9a898e16634bd1802d1f88f024a70e896192a9d875aff8"},
    {file = "PyOpenGL_accelerate-3.1.9-cp38-cp38-manylinux_2_5_x86_64.manylinux1_x86_64.manylinux_2_17_x86_64.manylinux2014_x86_64.whl", hash = "sha256:f0cd7db5685ed2b79d042932a62b3bf82d0443a7776f515e5c09564d52e357a6"},
    {file = "PyOpenGL_accelerate-3.1.9-cp38-cp38-musllinux_1_2_i686.whl", hash = "sha256:83cb4caa8ae20e5e0fd06d2c9e30876ead3133fa4b2038e7270f04131ca92e80"},
    {file = "PyOpenGL_accelerate-3.1.9-cp38-cp38-musllinux_1_2_x86_64.whl", hash = "sha256:76c28db5d0480a14e550a313da9652d57d5bf09074f9d566c40abac90d9ae41c"},
    {file = "PyOpenGL_accelerate-3.1.9-cp38-cp38-win32.whl", hash = "sha256:eecdf8a60ffcf8218c307a8fe0a55c60af888fa0730f1b5038733574d7e48d82"},
    {file = "PyOpenGL_accelerate-3.1.9-cp38-cp38-win_amd64.whl", hash = "sha256:48a136d8fd1e8a914f452042df9afad2ef0ce301187f0a75732d0469e6996799"},
    {file = "PyOpenGL_accelerate-3.1.9-cp39-cp39-macosx_11_0_arm64.whl", hash = "sha256:e561f1f6486b49732e273b840dcb46abcb9b95df375e5c7ea33dc9d137f96f51"},
    {file = "PyOpenGL_accelerate-3.1.9-cp39-cp39-manylinux_2_5_i686.manylinux1_i686.manylinux_2_17_i686.manylinux2014_i686.whl", hash = "sha256:46cc616bdf2edbef2586ccc17a905ae4376ae79f5b1e3069e935042739e05a6a"},
    {file = "PyOpenGL_accelerate-3.1.9-cp39-cp39-manylinux_2_5_x86_64.manylinux1_x86_64.manylinux_2_17_x86_64.manylinux2014_x86_64.whl", hash = "sha256:d5fc52c916b135529cab731c6f7c85d78f6b23dda315ef6c417dca22f9497850"},
    {file = "PyOpenGL_accelerate-3.1.9-cp39-cp39-musllinux_1_2_i686.whl", hash = "sha256:ce9a06769f28c32de926319cf6006179d3946f09a8987b0b1003b398b25ca7d5"},
    {file = "PyOpenGL_accelerate-3.1.9-cp39-cp39-musllinux_1_2_x86_64.whl", hash = "sha256:d9c72c215a1ea7701c3730c21863790fabb05472767a8e08e95bda3a214078b5"},
    {file = "PyOpenGL_accelerate-3.1.9-cp39-cp39-win32.whl", hash = "sha256:704611e734179d9b3cfe81740ce3425b57c1269448908b97dcf982f33264cac6"},
    {file = "PyOpenGL_accelerate-3.1.9-cp39-cp39-win_amd64.whl", hash = "sha256:a033e10905dc4f610b739b43ec07ed473cedbdfa531b176e01f8797bd17c5134"},
    {file = "pyopengl_accelerate-3.1.9.tar.gz", hash = "sha256:85957c7c76975818ff759ec9243f9dc7091ef6f373ea37a2eb50c320fd9a86f3"},
]

[[package]]
name = "pyside6"
version = "6.8.2.1"
description = "Python bindings for the Qt cross-platform application and UI framework"
optional = false
python-versions = "<3.14,>=3.9"
groups = ["main"]
files = [
    {file = "PySide6-6.8.2.1-cp39-abi3-macosx_12_0_universal2.whl", hash = "sha256:3fcb551729f235475b2abe7d919027de54a65d850e744f60716f890202273720"},
    {file = "PySide6-6.8.2.1-cp39-abi3-manylinux_2_28_x86_64.whl", hash = "sha256:23d2a1a77b25459a049c4276b4e0bbfb375b73d3921061b1a16bcfa64e1fe517"},
    {file = "PySide6-6.8.2.1-cp39-abi3-manylinux_2_39_aarch64.whl", hash = "sha256:bfefa80a93db06dc64c0e7beef0377c9b8ca51e007cfc34575defe065af893b6"},
    {file = "PySide6-6.8.2.1-cp39-abi3-win_amd64.whl", hash = "sha256:92361e41727910e3560ea5ba494fabecc76cd20892c9fcb2ced07619081c4e65"},
]

[package.dependencies]
PySide6-Addons = "6.8.2.1"
PySide6-Essentials = "6.8.2.1"
shiboken6 = "6.8.2.1"

[[package]]
name = "pyside6-addons"
version = "6.8.2.1"
description = "Python bindings for the Qt cross-platform application and UI framework (Addons)"
optional = false
python-versions = "<3.14,>=3.9"
groups = ["main"]
files = [
    {file = "PySide6_Addons-6.8.2.1-cp39-abi3-macosx_12_0_universal2.whl", hash = "sha256:5558816018042fecd0d782111ced529585a23ea9a010b518f8495764f578a01f"},
    {file = "PySide6_Addons-6.8.2.1-cp39-abi3-manylinux_2_28_x86_64.whl", hash = "sha256:f3d85e676851ada8238bc76ebfacbee738fc0b35b3bc15c9765dd107b8ee6ec4"},
    {file = "PySide6_Addons-6.8.2.1-cp39-abi3-manylinux_2_39_aarch64.whl", hash = "sha256:d904179f16deeca4ba440b4ef78e8d54df2b994b46784ad9d53b741082f3b2a7"},
    {file = "PySide6_Addons-6.8.2.1-cp39-abi3-win_amd64.whl", hash = "sha256:c761cc45022aa79d8419e671e7fb34a4a3e5b3826f1e68fcb819bd6e3a387fbb"},
]

[package.dependencies]
PySide6-Essentials = "6.8.2.1"
shiboken6 = "6.8.2.1"

[[package]]
name = "pyside6-essentials"
version = "6.8.2.1"
description = "Python bindings for the Qt cross-platform application and UI framework (Essentials)"
optional = false
python-versions = "<3.14,>=3.9"
groups = ["main"]
files = [
    {file = "PySide6_Essentials-6.8.2.1-cp39-abi3-macosx_12_0_universal2.whl", hash = "sha256:ae5cc48f7e9a08e73e3ec2387ce245c8150e620b8d5a87548ebd4b8e3aeae49b"},
    {file = "PySide6_Essentials-6.8.2.1-cp39-abi3-manylinux_2_28_x86_64.whl", hash = "sha256:5ab31e5395a4724102edd6e8ff980fa3f7cde2aa79050763a1dcc30bb914195a"},
    {file = "PySide6_Essentials-6.8.2.1-cp39-abi3-manylinux_2_39_aarch64.whl", hash = "sha256:7aed46f91d44399b4c713cf7387f5fb6f0114413fbcdbde493a528fb8e19f6ed"},
    {file = "PySide6_Essentials-6.8.2.1-cp39-abi3-win_amd64.whl", hash = "sha256:18de224f09108998d194e60f2fb8a1e86367dd525dd8a6192598e80e6ada649e"},
]

[package.dependencies]
shiboken6 = "6.8.2.1"

[[package]]
name = "shiboken6"
version = "6.8.2.1"
description = "Python/C++ bindings helper module"
optional = false
python-versions = "<3.14,>=3.9"
groups = ["main"]
files = [
    {file = "shiboken6-6.8.2.1-cp39-abi3-macosx_12_0_universal2.whl", hash = "sha256:d3dedeb3732ecfc920c9f97da769c0022a1c3bda99346a9eba56fbf093deaa75"},
    {file = "shiboken6-6.8.2.1-cp39-abi3-manylinux_2_28_x86_64.whl", hash = "sha256:c83e90056f13d0872cc4d2b7bf60b6d6e3b1b172f1f91910c0ba5b641af01758"},
    {file = "shiboken6-6.8.2.1-cp39-abi3-manylinux_2_39_aarch64.whl", hash = "sha256:8592401423acc693f51dbbfae5e7493cc3ed6738be79daaf90afa07f4da5bb25"},
    {file = "shiboken6-6.8.2.1-cp39-abi3-win_amd64.whl", hash = "sha256:1b751d47b759762b7ca31bad278d52eca4105d3028880d93979261ebbfba810c"},
]

[metadata]
lock-version = "2.1"
python-versions = ">=3.11, <3.14"
content-hash = "17708bde0bc449092a7acc7e0c669d53b8580335d2d9f5d530b4f3e015fc220a"
